// !$*UTF8*$!
{
	archiveVersion = 1;
	classes = {
	};
	objectVersion = 50;
	objects = {

/* Begin PBXBuildFile section */
		711E872920EBABA500C5D379 /* TestImplementation.swift in Sources */ = {isa = PBXBuildFile; fileRef = 711E872820EBABA500C5D379 /* TestImplementation.swift */; };
		71FBC9B220E3EE3700042F6A /* AuthController.framework in Frameworks */ = {isa = PBXBuildFile; fileRef = 71FBC9A820E3EE3700042F6A /* AuthController.framework */; };
		71FBC9B720E3EE3800042F6A /* AuthControllerTests.swift in Sources */ = {isa = PBXBuildFile; fileRef = 71FBC9B620E3EE3800042F6A /* AuthControllerTests.swift */; };
		71FBC9B920E3EE3800042F6A /* AuthController.h in Headers */ = {isa = PBXBuildFile; fileRef = 71FBC9AB20E3EE3700042F6A /* AuthController.h */; settings = {ATTRIBUTES = (Public, ); }; };
		71FBC9C720E3EE8B00042F6A /* AuthController.swift in Sources */ = {isa = PBXBuildFile; fileRef = 71FBC9C220E3EE8A00042F6A /* AuthController.swift */; };
		71FBC9C820E3EE8B00042F6A /* Networking.swift in Sources */ = {isa = PBXBuildFile; fileRef = 71FBC9C320E3EE8A00042F6A /* Networking.swift */; };
		71FBC9C920E3EE8B00042F6A /* EditProfile.swift in Sources */ = {isa = PBXBuildFile; fileRef = 71FBC9C420E3EE8A00042F6A /* EditProfile.swift */; };
		71FBC9CA20E3EE8B00042F6A /* Login.swift in Sources */ = {isa = PBXBuildFile; fileRef = 71FBC9C520E3EE8B00042F6A /* Login.swift */; };
		71FBC9CB20E3EE8B00042F6A /* Location.swift in Sources */ = {isa = PBXBuildFile; fileRef = 71FBC9C620E3EE8B00042F6A /* Location.swift */; };
		71FBC9CE20E3EE9800042F6A /* CoreLocation.framework in Frameworks */ = {isa = PBXBuildFile; fileRef = 71FBC9CD20E3EE9800042F6A /* CoreLocation.framework */; };
		71FBC9D020E3EE9C00042F6A /* UIKit.framework in Frameworks */ = {isa = PBXBuildFile; fileRef = 71FBC9CF20E3EE9C00042F6A /* UIKit.framework */; };
		71FBC9D620E3EFC500042F6A /* User.swift in Sources */ = {isa = PBXBuildFile; fileRef = 71FBC9D520E3EFC500042F6A /* User.swift */; };
		71FBC9D820E3F3D400042F6A /* Settings.swift in Sources */ = {isa = PBXBuildFile; fileRef = 71FBC9D720E3F3D400042F6A /* Settings.swift */; };
		71FBC9DC20E3F79A00042F6A /* Analytics.swift in Sources */ = {isa = PBXBuildFile; fileRef = 71FBC9DB20E3F79A00042F6A /* Analytics.swift */; };
		71FBCA1220E407CB00042F6A /* Configuration.swift in Sources */ = {isa = PBXBuildFile; fileRef = 71FBCA1120E407CB00042F6A /* Configuration.swift */; };
/* End PBXBuildFile section */

/* Begin PBXContainerItemProxy section */
		71FBC9B320E3EE3700042F6A /* PBXContainerItemProxy */ = {
			isa = PBXContainerItemProxy;
			containerPortal = 71FBC99F20E3EE3700042F6A /* Project object */;
			proxyType = 1;
			remoteGlobalIDString = 71FBC9A720E3EE3700042F6A;
			remoteInfo = AuthController;
		};
/* End PBXContainerItemProxy section */

/* Begin PBXFileReference section */
		711D3AF920EA4BFC0047E766 /* AuthController.podspec */ = {isa = PBXFileReference; lastKnownFileType = text; path = AuthController.podspec; sourceTree = SOURCE_ROOT; };
		711E872820EBABA500C5D379 /* TestImplementation.swift */ = {isa = PBXFileReference; lastKnownFileType = sourcecode.swift; path = TestImplementation.swift; sourceTree = "<group>"; };
		71FBC9A820E3EE3700042F6A /* AuthController.framework */ = {isa = PBXFileReference; explicitFileType = wrapper.framework; includeInIndex = 0; path = AuthController.framework; sourceTree = BUILT_PRODUCTS_DIR; };
		71FBC9AB20E3EE3700042F6A /* AuthController.h */ = {isa = PBXFileReference; lastKnownFileType = sourcecode.c.h; path = AuthController.h; sourceTree = "<group>"; };
		71FBC9AC20E3EE3700042F6A /* Info.plist */ = {isa = PBXFileReference; lastKnownFileType = text.plist.xml; path = Info.plist; sourceTree = "<group>"; };
		71FBC9B120E3EE3700042F6A /* AuthControllerTests.xctest */ = {isa = PBXFileReference; explicitFileType = wrapper.cfbundle; includeInIndex = 0; path = AuthControllerTests.xctest; sourceTree = BUILT_PRODUCTS_DIR; };
		71FBC9B620E3EE3800042F6A /* AuthControllerTests.swift */ = {isa = PBXFileReference; lastKnownFileType = sourcecode.swift; path = AuthControllerTests.swift; sourceTree = "<group>"; };
		71FBC9B820E3EE3800042F6A /* Info.plist */ = {isa = PBXFileReference; lastKnownFileType = text.plist.xml; path = Info.plist; sourceTree = "<group>"; };
		71FBC9C220E3EE8A00042F6A /* AuthController.swift */ = {isa = PBXFileReference; fileEncoding = 4; lastKnownFileType = sourcecode.swift; path = AuthController.swift; sourceTree = "<group>"; };
		71FBC9C320E3EE8A00042F6A /* Networking.swift */ = {isa = PBXFileReference; fileEncoding = 4; lastKnownFileType = sourcecode.swift; path = Networking.swift; sourceTree = "<group>"; };
		71FBC9C420E3EE8A00042F6A /* EditProfile.swift */ = {isa = PBXFileReference; fileEncoding = 4; lastKnownFileType = sourcecode.swift; path = EditProfile.swift; sourceTree = "<group>"; };
		71FBC9C520E3EE8B00042F6A /* Login.swift */ = {isa = PBXFileReference; fileEncoding = 4; lastKnownFileType = sourcecode.swift; path = Login.swift; sourceTree = "<group>"; };
		71FBC9C620E3EE8B00042F6A /* Location.swift */ = {isa = PBXFileReference; fileEncoding = 4; lastKnownFileType = sourcecode.swift; path = Location.swift; sourceTree = "<group>"; };
		71FBC9CD20E3EE9800042F6A /* CoreLocation.framework */ = {isa = PBXFileReference; lastKnownFileType = wrapper.framework; name = CoreLocation.framework; path = System/Library/Frameworks/CoreLocation.framework; sourceTree = SDKROOT; };
		71FBC9CF20E3EE9C00042F6A /* UIKit.framework */ = {isa = PBXFileReference; lastKnownFileType = wrapper.framework; name = UIKit.framework; path = System/Library/Frameworks/UIKit.framework; sourceTree = SDKROOT; };
		71FBC9D520E3EFC500042F6A /* User.swift */ = {isa = PBXFileReference; lastKnownFileType = sourcecode.swift; path = User.swift; sourceTree = "<group>"; };
		71FBC9D720E3F3D400042F6A /* Settings.swift */ = {isa = PBXFileReference; lastKnownFileType = sourcecode.swift; path = Settings.swift; sourceTree = "<group>"; };
		71FBC9DB20E3F79A00042F6A /* Analytics.swift */ = {isa = PBXFileReference; lastKnownFileType = sourcecode.swift; path = Analytics.swift; sourceTree = "<group>"; };
		71FBCA1120E407CB00042F6A /* Configuration.swift */ = {isa = PBXFileReference; lastKnownFileType = sourcecode.swift; path = Configuration.swift; sourceTree = "<group>"; };
/* End PBXFileReference section */

/* Begin PBXFrameworksBuildPhase section */
		71FBC9A420E3EE3700042F6A /* Frameworks */ = {
			isa = PBXFrameworksBuildPhase;
			buildActionMask = 2147483647;
			files = (
				71FBC9D020E3EE9C00042F6A /* UIKit.framework in Frameworks */,
				71FBC9CE20E3EE9800042F6A /* CoreLocation.framework in Frameworks */,
			);
			runOnlyForDeploymentPostprocessing = 0;
		};
		71FBC9AE20E3EE3700042F6A /* Frameworks */ = {
			isa = PBXFrameworksBuildPhase;
			buildActionMask = 2147483647;
			files = (
				71FBC9B220E3EE3700042F6A /* AuthController.framework in Frameworks */,
			);
			runOnlyForDeploymentPostprocessing = 0;
		};
/* End PBXFrameworksBuildPhase section */

/* Begin PBXGroup section */
		71FBC99E20E3EE3700042F6A = {
			isa = PBXGroup;
			children = (
				71FBC9AA20E3EE3700042F6A /* AuthController */,
				71FBC9B520E3EE3700042F6A /* AuthControllerTests */,
				71FBC9A920E3EE3700042F6A /* Products */,
				71FBC9CC20E3EE9800042F6A /* Frameworks */,
			);
			sourceTree = "<group>";
		};
		71FBC9A920E3EE3700042F6A /* Products */ = {
			isa = PBXGroup;
			children = (
				71FBC9A820E3EE3700042F6A /* AuthController.framework */,
				71FBC9B120E3EE3700042F6A /* AuthControllerTests.xctest */,
			);
			name = Products;
			sourceTree = "<group>";
		};
		71FBC9AA20E3EE3700042F6A /* AuthController */ = {
			isa = PBXGroup;
			children = (
				71FBC9C220E3EE8A00042F6A /* AuthController.swift */,
				71FBCA1120E407CB00042F6A /* Configuration.swift */,
				71FBC9C320E3EE8A00042F6A /* Networking.swift */,
				71FBC9DB20E3F79A00042F6A /* Analytics.swift */,
				71FBC9C520E3EE8B00042F6A /* Login.swift */,
				71FBC9C420E3EE8A00042F6A /* EditProfile.swift */,
				71FBC9C620E3EE8B00042F6A /* Location.swift */,
				71FBC9D720E3F3D400042F6A /* Settings.swift */,
				71FBC9D520E3EFC500042F6A /* User.swift */,
				71FBC9AC20E3EE3700042F6A /* Info.plist */,
				71FBC9AB20E3EE3700042F6A /* AuthController.h */,
				711D3AF920EA4BFC0047E766 /* AuthController.podspec */,
			);
			path = AuthController;
			sourceTree = "<group>";
		};
		71FBC9B520E3EE3700042F6A /* AuthControllerTests */ = {
			isa = PBXGroup;
			children = (
				711E872820EBABA500C5D379 /* TestImplementation.swift */,
				71FBC9B620E3EE3800042F6A /* AuthControllerTests.swift */,
				71FBC9B820E3EE3800042F6A /* Info.plist */,
			);
			path = AuthControllerTests;
			sourceTree = "<group>";
		};
		71FBC9CC20E3EE9800042F6A /* Frameworks */ = {
			isa = PBXGroup;
			children = (
				71FBC9CF20E3EE9C00042F6A /* UIKit.framework */,
				71FBC9CD20E3EE9800042F6A /* CoreLocation.framework */,
			);
			name = Frameworks;
			sourceTree = "<group>";
		};
/* End PBXGroup section */

/* Begin PBXHeadersBuildPhase section */
		71FBC9A520E3EE3700042F6A /* Headers */ = {
			isa = PBXHeadersBuildPhase;
			buildActionMask = 2147483647;
			files = (
				71FBC9B920E3EE3800042F6A /* AuthController.h in Headers */,
			);
			runOnlyForDeploymentPostprocessing = 0;
		};
/* End PBXHeadersBuildPhase section */

/* Begin PBXNativeTarget section */
		71FBC9A720E3EE3700042F6A /* AuthController */ = {
			isa = PBXNativeTarget;
			buildConfigurationList = 71FBC9BC20E3EE3800042F6A /* Build configuration list for PBXNativeTarget "AuthController" */;
			buildPhases = (
				71FBC9A320E3EE3700042F6A /* Sources */,
				71FBC9A420E3EE3700042F6A /* Frameworks */,
				71FBC9A520E3EE3700042F6A /* Headers */,
				71FBC9A620E3EE3700042F6A /* Resources */,
			);
			buildRules = (
			);
			dependencies = (
			);
			name = AuthController;
			productName = AuthController;
			productReference = 71FBC9A820E3EE3700042F6A /* AuthController.framework */;
			productType = "com.apple.product-type.framework";
		};
		71FBC9B020E3EE3700042F6A /* AuthControllerTests */ = {
			isa = PBXNativeTarget;
			buildConfigurationList = 71FBC9BF20E3EE3800042F6A /* Build configuration list for PBXNativeTarget "AuthControllerTests" */;
			buildPhases = (
				71FBC9AD20E3EE3700042F6A /* Sources */,
				71FBC9AE20E3EE3700042F6A /* Frameworks */,
				71FBC9AF20E3EE3700042F6A /* Resources */,
			);
			buildRules = (
			);
			dependencies = (
				71FBC9B420E3EE3700042F6A /* PBXTargetDependency */,
			);
			name = AuthControllerTests;
			productName = AuthControllerTests;
			productReference = 71FBC9B120E3EE3700042F6A /* AuthControllerTests.xctest */;
			productType = "com.apple.product-type.bundle.unit-test";
		};
/* End PBXNativeTarget section */

/* Begin PBXProject section */
		71FBC99F20E3EE3700042F6A /* Project object */ = {
			isa = PBXProject;
			attributes = {
				LastSwiftUpdateCheck = 0940;
				LastUpgradeCheck = 0940;
				ORGANIZATIONNAME = Ysoftware;
				TargetAttributes = {
					71FBC9A720E3EE3700042F6A = {
						CreatedOnToolsVersion = 9.4.1;
						LastSwiftMigration = 0940;
					};
					71FBC9B020E3EE3700042F6A = {
						CreatedOnToolsVersion = 9.4.1;
					};
				};
			};
			buildConfigurationList = 71FBC9A220E3EE3700042F6A /* Build configuration list for PBXProject "AuthController" */;
			compatibilityVersion = "Xcode 9.3";
			developmentRegion = en;
			hasScannedForEncodings = 0;
			knownRegions = (
				en,
			);
			mainGroup = 71FBC99E20E3EE3700042F6A;
			productRefGroup = 71FBC9A920E3EE3700042F6A /* Products */;
			projectDirPath = "";
			projectRoot = "";
			targets = (
				71FBC9A720E3EE3700042F6A /* AuthController */,
				71FBC9B020E3EE3700042F6A /* AuthControllerTests */,
			);
		};
/* End PBXProject section */

/* Begin PBXResourcesBuildPhase section */
		71FBC9A620E3EE3700042F6A /* Resources */ = {
			isa = PBXResourcesBuildPhase;
			buildActionMask = 2147483647;
			files = (
			);
			runOnlyForDeploymentPostprocessing = 0;
		};
		71FBC9AF20E3EE3700042F6A /* Resources */ = {
			isa = PBXResourcesBuildPhase;
			buildActionMask = 2147483647;
			files = (
			);
			runOnlyForDeploymentPostprocessing = 0;
		};
/* End PBXResourcesBuildPhase section */

/* Begin PBXSourcesBuildPhase section */
		71FBC9A320E3EE3700042F6A /* Sources */ = {
			isa = PBXSourcesBuildPhase;
			buildActionMask = 2147483647;
			files = (
				71FBC9CB20E3EE8B00042F6A /* Location.swift in Sources */,
				71FBC9DC20E3F79A00042F6A /* Analytics.swift in Sources */,
				71FBC9C720E3EE8B00042F6A /* AuthController.swift in Sources */,
				71FBCA1220E407CB00042F6A /* Configuration.swift in Sources */,
				71FBC9D820E3F3D400042F6A /* Settings.swift in Sources */,
				71FBC9C920E3EE8B00042F6A /* EditProfile.swift in Sources */,
				71FBC9C820E3EE8B00042F6A /* Networking.swift in Sources */,
				71FBC9CA20E3EE8B00042F6A /* Login.swift in Sources */,
				71FBC9D620E3EFC500042F6A /* User.swift in Sources */,
			);
			runOnlyForDeploymentPostprocessing = 0;
		};
		71FBC9AD20E3EE3700042F6A /* Sources */ = {
			isa = PBXSourcesBuildPhase;
			buildActionMask = 2147483647;
			files = (
				71FBC9B720E3EE3800042F6A /* AuthControllerTests.swift in Sources */,
				711E872920EBABA500C5D379 /* TestImplementation.swift in Sources */,
			);
			runOnlyForDeploymentPostprocessing = 0;
		};
/* End PBXSourcesBuildPhase section */

/* Begin PBXTargetDependency section */
		71FBC9B420E3EE3700042F6A /* PBXTargetDependency */ = {
			isa = PBXTargetDependency;
			target = 71FBC9A720E3EE3700042F6A /* AuthController */;
			targetProxy = 71FBC9B320E3EE3700042F6A /* PBXContainerItemProxy */;
		};
/* End PBXTargetDependency section */

/* Begin XCBuildConfiguration section */
		71FBC9BA20E3EE3800042F6A /* Debug */ = {
			isa = XCBuildConfiguration;
			buildSettings = {
				ALWAYS_SEARCH_USER_PATHS = NO;
				CLANG_ANALYZER_NONNULL = YES;
				CLANG_ANALYZER_NUMBER_OBJECT_CONVERSION = YES_AGGRESSIVE;
				CLANG_CXX_LANGUAGE_STANDARD = "gnu++14";
				CLANG_CXX_LIBRARY = "libc++";
				CLANG_ENABLE_MODULES = YES;
				CLANG_ENABLE_OBJC_ARC = YES;
				CLANG_ENABLE_OBJC_WEAK = YES;
				CLANG_WARN_BLOCK_CAPTURE_AUTORELEASING = YES;
				CLANG_WARN_BOOL_CONVERSION = YES;
				CLANG_WARN_COMMA = YES;
				CLANG_WARN_CONSTANT_CONVERSION = YES;
				CLANG_WARN_DEPRECATED_OBJC_IMPLEMENTATIONS = YES;
				CLANG_WARN_DIRECT_OBJC_ISA_USAGE = YES_ERROR;
				CLANG_WARN_DOCUMENTATION_COMMENTS = YES;
				CLANG_WARN_EMPTY_BODY = YES;
				CLANG_WARN_ENUM_CONVERSION = YES;
				CLANG_WARN_INFINITE_RECURSION = YES;
				CLANG_WARN_INT_CONVERSION = YES;
				CLANG_WARN_NON_LITERAL_NULL_CONVERSION = YES;
				CLANG_WARN_OBJC_IMPLICIT_RETAIN_SELF = YES;
				CLANG_WARN_OBJC_LITERAL_CONVERSION = YES;
				CLANG_WARN_OBJC_ROOT_CLASS = YES_ERROR;
				CLANG_WARN_RANGE_LOOP_ANALYSIS = YES;
				CLANG_WARN_STRICT_PROTOTYPES = YES;
				CLANG_WARN_SUSPICIOUS_MOVE = YES;
				CLANG_WARN_UNGUARDED_AVAILABILITY = YES_AGGRESSIVE;
				CLANG_WARN_UNREACHABLE_CODE = YES;
				CLANG_WARN__DUPLICATE_METHOD_MATCH = YES;
				CODE_SIGN_IDENTITY = "iPhone Developer";
				COPY_PHASE_STRIP = NO;
				CURRENT_PROJECT_VERSION = 1;
				DEBUG_INFORMATION_FORMAT = dwarf;
				ENABLE_STRICT_OBJC_MSGSEND = YES;
				ENABLE_TESTABILITY = YES;
				GCC_C_LANGUAGE_STANDARD = gnu11;
				GCC_DYNAMIC_NO_PIC = NO;
				GCC_NO_COMMON_BLOCKS = YES;
				GCC_OPTIMIZATION_LEVEL = 0;
				GCC_PREPROCESSOR_DEFINITIONS = (
					"DEBUG=1",
					"$(inherited)",
				);
				GCC_WARN_64_TO_32_BIT_CONVERSION = YES;
				GCC_WARN_ABOUT_RETURN_TYPE = YES_ERROR;
				GCC_WARN_UNDECLARED_SELECTOR = YES;
				GCC_WARN_UNINITIALIZED_AUTOS = YES_AGGRESSIVE;
				GCC_WARN_UNUSED_FUNCTION = YES;
				GCC_WARN_UNUSED_VARIABLE = YES;
				IPHONEOS_DEPLOYMENT_TARGET = 11.4;
				MTL_ENABLE_DEBUG_INFO = YES;
				ONLY_ACTIVE_ARCH = YES;
				SDKROOT = iphoneos;
				SWIFT_ACTIVE_COMPILATION_CONDITIONS = DEBUG;
				SWIFT_OPTIMIZATION_LEVEL = "-Onone";
				VERSIONING_SYSTEM = "apple-generic";
				VERSION_INFO_PREFIX = "";
			};
			name = Debug;
		};
		71FBC9BB20E3EE3800042F6A /* Release */ = {
			isa = XCBuildConfiguration;
			buildSettings = {
				ALWAYS_SEARCH_USER_PATHS = NO;
				CLANG_ANALYZER_NONNULL = YES;
				CLANG_ANALYZER_NUMBER_OBJECT_CONVERSION = YES_AGGRESSIVE;
				CLANG_CXX_LANGUAGE_STANDARD = "gnu++14";
				CLANG_CXX_LIBRARY = "libc++";
				CLANG_ENABLE_MODULES = YES;
				CLANG_ENABLE_OBJC_ARC = YES;
				CLANG_ENABLE_OBJC_WEAK = YES;
				CLANG_WARN_BLOCK_CAPTURE_AUTORELEASING = YES;
				CLANG_WARN_BOOL_CONVERSION = YES;
				CLANG_WARN_COMMA = YES;
				CLANG_WARN_CONSTANT_CONVERSION = YES;
				CLANG_WARN_DEPRECATED_OBJC_IMPLEMENTATIONS = YES;
				CLANG_WARN_DIRECT_OBJC_ISA_USAGE = YES_ERROR;
				CLANG_WARN_DOCUMENTATION_COMMENTS = YES;
				CLANG_WARN_EMPTY_BODY = YES;
				CLANG_WARN_ENUM_CONVERSION = YES;
				CLANG_WARN_INFINITE_RECURSION = YES;
				CLANG_WARN_INT_CONVERSION = YES;
				CLANG_WARN_NON_LITERAL_NULL_CONVERSION = YES;
				CLANG_WARN_OBJC_IMPLICIT_RETAIN_SELF = YES;
				CLANG_WARN_OBJC_LITERAL_CONVERSION = YES;
				CLANG_WARN_OBJC_ROOT_CLASS = YES_ERROR;
				CLANG_WARN_RANGE_LOOP_ANALYSIS = YES;
				CLANG_WARN_STRICT_PROTOTYPES = YES;
				CLANG_WARN_SUSPICIOUS_MOVE = YES;
				CLANG_WARN_UNGUARDED_AVAILABILITY = YES_AGGRESSIVE;
				CLANG_WARN_UNREACHABLE_CODE = YES;
				CLANG_WARN__DUPLICATE_METHOD_MATCH = YES;
				CODE_SIGN_IDENTITY = "iPhone Developer";
				COPY_PHASE_STRIP = NO;
				CURRENT_PROJECT_VERSION = 1;
				DEBUG_INFORMATION_FORMAT = "dwarf-with-dsym";
				ENABLE_NS_ASSERTIONS = NO;
				ENABLE_STRICT_OBJC_MSGSEND = YES;
				GCC_C_LANGUAGE_STANDARD = gnu11;
				GCC_NO_COMMON_BLOCKS = YES;
				GCC_WARN_64_TO_32_BIT_CONVERSION = YES;
				GCC_WARN_ABOUT_RETURN_TYPE = YES_ERROR;
				GCC_WARN_UNDECLARED_SELECTOR = YES;
				GCC_WARN_UNINITIALIZED_AUTOS = YES_AGGRESSIVE;
				GCC_WARN_UNUSED_FUNCTION = YES;
				GCC_WARN_UNUSED_VARIABLE = YES;
				IPHONEOS_DEPLOYMENT_TARGET = 11.4;
				MTL_ENABLE_DEBUG_INFO = NO;
				SDKROOT = iphoneos;
				SWIFT_COMPILATION_MODE = wholemodule;
				SWIFT_OPTIMIZATION_LEVEL = "-O";
				VALIDATE_PRODUCT = YES;
				VERSIONING_SYSTEM = "apple-generic";
				VERSION_INFO_PREFIX = "";
			};
			name = Release;
		};
		71FBC9BD20E3EE3800042F6A /* Debug */ = {
			isa = XCBuildConfiguration;
			buildSettings = {
				CLANG_ENABLE_MODULES = YES;
				CODE_SIGN_IDENTITY = "";
				CODE_SIGN_STYLE = Automatic;
				DEFINES_MODULE = YES;
				DEVELOPMENT_TEAM = S422Q897FZ;
				DYLIB_COMPATIBILITY_VERSION = 1;
				DYLIB_CURRENT_VERSION = 1;
				DYLIB_INSTALL_NAME_BASE = "@rpath";
				INFOPLIST_FILE = AuthController/Info.plist;
				INSTALL_PATH = "$(LOCAL_LIBRARY_DIR)/Frameworks";
				IPHONEOS_DEPLOYMENT_TARGET = 8.0;
				LD_RUNPATH_SEARCH_PATHS = (
					"$(inherited)",
					"@executable_path/Frameworks",
					"@loader_path/Frameworks",
				);
				PRODUCT_BUNDLE_IDENTIFIER = com.ysoftware.AuthController;
				PRODUCT_NAME = "$(TARGET_NAME:c99extidentifier)";
				SKIP_INSTALL = YES;
				SWIFT_OPTIMIZATION_LEVEL = "-Onone";
				SWIFT_VERSION = 4.0;
				TARGETED_DEVICE_FAMILY = "1,2";
			};
			name = Debug;
		};
		71FBC9BE20E3EE3800042F6A /* Release */ = {
			isa = XCBuildConfiguration;
			buildSettings = {
				CLANG_ENABLE_MODULES = YES;
				CODE_SIGN_IDENTITY = "";
				CODE_SIGN_STYLE = Automatic;
				DEFINES_MODULE = YES;
				DEVELOPMENT_TEAM = S422Q897FZ;
				DYLIB_COMPATIBILITY_VERSION = 1;
				DYLIB_CURRENT_VERSION = 1;
				DYLIB_INSTALL_NAME_BASE = "@rpath";
				INFOPLIST_FILE = AuthController/Info.plist;
				INSTALL_PATH = "$(LOCAL_LIBRARY_DIR)/Frameworks";
				IPHONEOS_DEPLOYMENT_TARGET = 8.0;
				LD_RUNPATH_SEARCH_PATHS = (
					"$(inherited)",
					"@executable_path/Frameworks",
					"@loader_path/Frameworks",
				);
				PRODUCT_BUNDLE_IDENTIFIER = com.ysoftware.AuthController;
				PRODUCT_NAME = "$(TARGET_NAME:c99extidentifier)";
				SKIP_INSTALL = YES;
				SWIFT_VERSION = 4.0;
				TARGETED_DEVICE_FAMILY = "1,2";
			};
			name = Release;
		};
		71FBC9C020E3EE3800042F6A /* Debug */ = {
			isa = XCBuildConfiguration;
			buildSettings = {
				ALWAYS_EMBED_SWIFT_STANDARD_LIBRARIES = YES;
				CODE_SIGN_STYLE = Automatic;
				DEVELOPMENT_TEAM = S422Q897FZ;
				INFOPLIST_FILE = AuthControllerTests/Info.plist;
				LD_RUNPATH_SEARCH_PATHS = (
					"$(inherited)",
					"@executable_path/Frameworks",
					"@loader_path/Frameworks",
				);
				PRODUCT_BUNDLE_IDENTIFIER = com.ysoftware.AuthControllerTests;
				PRODUCT_NAME = "$(TARGET_NAME)";
				SWIFT_VERSION = 4.0;
				TARGETED_DEVICE_FAMILY = "1,2";
			};
			name = Debug;
		};
		71FBC9C120E3EE3800042F6A /* Release */ = {
			isa = XCBuildConfiguration;
			buildSettings = {
				ALWAYS_EMBED_SWIFT_STANDARD_LIBRARIES = YES;
				CODE_SIGN_STYLE = Automatic;
				DEVELOPMENT_TEAM = S422Q897FZ;
				INFOPLIST_FILE = AuthControllerTests/Info.plist;
				LD_RUNPATH_SEARCH_PATHS = (
					"$(inherited)",
					"@executable_path/Frameworks",
					"@loader_path/Frameworks",
				);
				PRODUCT_BUNDLE_IDENTIFIER = com.ysoftware.AuthControllerTests;
				PRODUCT_NAME = "$(TARGET_NAME)";
				SWIFT_VERSION = 4.0;
				TARGETED_DEVICE_FAMILY = "1,2";
			};
			name = Release;
		};
/* End XCBuildConfiguration section */

/* Begin XCConfigurationList section */
		71FBC9A220E3EE3700042F6A /* Build configuration list for PBXProject "AuthController" */ = {
			isa = XCConfigurationList;
			buildConfigurations = (
				71FBC9BA20E3EE3800042F6A /* Debug */,
				71FBC9BB20E3EE3800042F6A /* Release */,
			);
			defaultConfigurationIsVisible = 0;
			defaultConfigurationName = Release;
		};
		71FBC9BC20E3EE3800042F6A /* Build configuration list for PBXNativeTarget "AuthController" */ = {
			isa = XCConfigurationList;
			buildConfigurations = (
				71FBC9BD20E3EE3800042F6A /* Debug */,
				71FBC9BE20E3EE3800042F6A /* Release */,
			);
			defaultConfigurationIsVisible = 0;
			defaultConfigurationName = Release;
		};
		71FBC9BF20E3EE3800042F6A /* Build configuration list for PBXNativeTarget "AuthControllerTests" */ = {
			isa = XCConfigurationList;
			buildConfigurations = (
				71FBC9C020E3EE3800042F6A /* Debug */,
				71FBC9C120E3EE3800042F6A /* Release */,
			);
			defaultConfigurationIsVisible = 0;
			defaultConfigurationName = Release;
		};
/* End XCConfigurationList section */
	};
	rootObject = 71FBC99F20E3EE3700042F6A /* Project object */;
}
